
Microsoft Visual Studio Solution File, Format Version 12.00
# Visual Studio 2012
Project("{FAE04EC0-301F-11D3-BF4B-00C04F79EFBC}") = "Sidewalk.WFFMExtension", "Sidewalk.WFFMExtension\Sidewalk.WFFMExtension.csproj", "{6C7B5A0B-FD47-42B6-BD2B-A3141BC36929}"
EndProject
Project("{FAE04EC0-301F-11D3-BF4B-00C04F79EFBC}") = "Sidewalk.WFFMExtension.Web", "Sidewalk.WFFMExtension.Web\Sidewalk.WFFMExtension.Web.csproj", "{4D4D662A-598C-4630-B338-441F4EB7155D}"
EndProject
Global
	GlobalSection(SolutionConfigurationPlatforms) = preSolution
		Debug|Any CPU = Debug|Any CPU
		Release|Any CPU = Release|Any CPU
	EndGlobalSection
	GlobalSection(ProjectConfigurationPlatforms) = postSolution
		{6C7B5A0B-FD47-42B6-BD2B-A3141BC36929}.Debug|Any CPU.ActiveCfg = Debug|Any CPU
		{6C7B5A0B-FD47-42B6-BD2B-A3141BC36929}.Debug|Any CPU.Build.0 = Debug|Any CPU
		{6C7B5A0B-FD47-42B6-BD2B-A3141BC36929}.Release|Any CPU.ActiveCfg = Release|Any CPU
		{6C7B5A0B-FD47-42B6-BD2B-A3141BC36929}.Release|Any CPU.Build.0 = Release|Any CPU
		{4D4D662A-598C-4630-B338-441F4EB7155D}.Debug|Any CPU.ActiveCfg = Debug|Any CPU
		{4D4D662A-598C-4630-B338-441F4EB7155D}.Debug|Any CPU.Build.0 = Debug|Any CPU
		{4D4D662A-598C-4630-B338-441F4EB7155D}.Release|Any CPU.ActiveCfg = Release|Any CPU
		{4D4D662A-598C-4630-B338-441F4EB7155D}.Release|Any CPU.Build.0 = Release|Any CPU
	EndGlobalSection
	GlobalSection(SolutionProperties) = preSolution
		HideSolutionNode = FALSE
	EndGlobalSection
EndGlobal
